<?xml version="1.0" encoding="UTF-8"?>
<Scheme
   version = "1.3">
   <BuildAction>
      <BuildActionEntries>
         <BuildActionEntry
            buildForRunning = "YES">
            <BuildableReference
               BuildableIdentifier = "primary"
               BlueprintIdentifier = "C20D77E924B665D7002E7AEA"
               BuildableName = "Landmarks.app"
               BlueprintName = "Landmarks"
               ReferencedContainer = "container:ComposingComplexInterfaces.xcodeproj">
            </BuildableReference>
         </BuildActionEntry>
      </BuildActionEntries>
   </BuildAction>
   <LaunchAction
      useCustomWorkingDirectory = "NO"
      buildConfiguration = "Debug"
      allowLocationSimulation = "YES">
      <BuildableProductRunnable>
         <BuildableReference
            BuildableIdentifier = "primary"
            BlueprintIdentifier = "C20D77E924B665D7002E7AEA"
            BuildableName = "Landmarks.app"
            BlueprintName = "Landmarks"
            ReferencedContainer = "container:ComposingComplexInterfaces.xcodeproj">
         </BuildableReference>
      </BuildableProductRunnable>
   </LaunchAction>
</Scheme>
